
Microsoft Visual Studio Solution File, Format Version 12.00
Project("{F2A71F9B-5D33-465A-A702-920D77279786}") = "secret-handshake", "secret-handshake.fsproj", "{CB9861F2-33A1-4D7B-AE98-46382821E685}"
EndProject
Project("{F2A71F9B-5D33-465A-A702-920D77279786}") = "secret-handshake.Test", "secret-handshake.Test\secret-handshake.Test.fsproj", "{2AF98C9E-BAEA-40AD-ACF6-CFB7B10D4A32}"
EndProject
Project("{2150E333-8FDC-42A3-9474-1A3956D46DE8}") = "Related Files", "Related Files", "{D72C3C5C-A771-4B72-BA72-B539B62A5D31}"
	ProjectSection(SolutionItems) = preProject
		.github\workflows\test.yml = .github\workflows\test.yml
	EndProjectSection
EndProject
Global
	GlobalSection(SolutionConfigurationPlatforms) = preSolution
		Debug|Any CPU = Debug|Any CPU
		Release|Any CPU = Release|Any CPU
	EndGlobalSection
	GlobalSection(ProjectConfigurationPlatforms) = postSolution
		{CB9861F2-33A1-4D7B-AE98-46382821E685}.Debug|Any CPU.ActiveCfg = Debug|Any CPU
		{CB9861F2-33A1-4D7B-AE98-46382821E685}.Debug|Any CPU.Build.0 = Debug|Any CPU
		{CB9861F2-33A1-4D7B-AE98-46382821E685}.Release|Any CPU.ActiveCfg = Release|Any CPU
		{CB9861F2-33A1-4D7B-AE98-46382821E685}.Release|Any CPU.Build.0 = Release|Any CPU
		{2AF98C9E-BAEA-40AD-ACF6-CFB7B10D4A32}.Debug|Any CPU.ActiveCfg = Debug|Any CPU
		{2AF98C9E-BAEA-40AD-ACF6-CFB7B10D4A32}.Debug|Any CPU.Build.0 = Debug|Any CPU
		{2AF98C9E-BAEA-40AD-ACF6-CFB7B10D4A32}.Release|Any CPU.ActiveCfg = Release|Any CPU
		{2AF98C9E-BAEA-40AD-ACF6-CFB7B10D4A32}.Release|Any CPU.Build.0 = Release|Any CPU
	EndGlobalSection
EndGlobal
